
Microsoft Visual Studio Solution File, Format Version 12.00
# Visual Studio Version 17
VisualStudioVersion = 17.5.33516.290
MinimumVisualStudioVersion = 10.0.40219.1
Project("{FAE04EC0-301F-11D3-BF4B-00C04F79EFBC}") = "AsoSoft", "AsoSoft.csproj", "{8EDFBB0F-84A6-4362-BC44-BC82C2A63739}"
EndProject
Project("{FAE04EC0-301F-11D3-BF4B-00C04F79EFBC}") = "AsoSoft.Web2", "..\AsoSoft.Web2\AsoSoft.Web2.csproj", "{18F6391B-8BF1-4132-9255-87016B9DF271}"
EndProject
Global
	GlobalSection(SolutionConfigurationPlatforms) = preSolution
		Debug|Any CPU = Debug|Any CPU
		Release|Any CPU = Release|Any CPU
	EndGlobalSection
	GlobalSection(ProjectConfigurationPlatforms) = postSolution
		{8EDFBB0F-84A6-4362-BC44-BC82C2A63739}.Debug|Any CPU.ActiveCfg = Debug|Any CPU
		{8EDFBB0F-84A6-4362-BC44-BC82C2A63739}.Debug|Any CPU.Build.0 = Debug|Any CPU
		{8EDFBB0F-84A6-4362-BC44-BC82C2A63739}.Release|Any CPU.ActiveCfg = Release|Any CPU
		{8EDFBB0F-84A6-4362-BC44-BC82C2A63739}.Release|Any CPU.Build.0 = Release|Any CPU
		{18F6391B-8BF1-4132-9255-87016B9DF271}.Debug|Any CPU.ActiveCfg = Debug|Any CPU
		{18F6391B-8BF1-4132-9255-87016B9DF271}.Debug|Any CPU.Build.0 = Debug|Any CPU
		{18F6391B-8BF1-4132-9255-87016B9DF271}.Release|Any CPU.ActiveCfg = Release|Any CPU
		{18F6391B-8BF1-4132-9255-87016B9DF271}.Release|Any CPU.Build.0 = Release|Any CPU
	EndGlobalSection
	GlobalSection(SolutionProperties) = preSolution
		HideSolutionNode = FALSE
	EndGlobalSection
	GlobalSection(ExtensibilityGlobals) = postSolution
		SolutionGuid = {D071C158-BB86-484F-A46E-6A9544494596}
	EndGlobalSection
EndGlobal
